<?xml version="1.0" encoding="utf-8"?>
<Project ToolsVersion="4.0" xmlns="http://schemas.microsoft.com/developer/msbuild/2003">
  <ItemGroup>
    <Filter Include="源文件">
      <UniqueIdentifier>{4FC737F1-C7A5-4376-A066-2A32D752A2FF}</UniqueIdentifier>
      <Extensions>cpp;c;cc;cxx;def;odl;idl;hpj;bat;asm;asmx</Extensions>
    </Filter>
    <Filter Include="头文件">
      <UniqueIdentifier>{93995380-89BD-4b04-88EB-625FBE52EBFB}</UniqueIdentifier>
      <Extensions>h;hh;hpp;hxx;hm;inl;inc;xsd</Extensions>
    </Filter>
    <Filter Include="资源文件">
      <UniqueIdentifier>{67DA6AB6-F800-4c08-8B7A-83BB121AAD01}</UniqueIdentifier>
      <Extensions>rc;ico;cur;bmp;dlg;rc2;rct;bin;rgs;gif;jpg;jpeg;jpe;resx;tiff;tif;png;wav;mfcribbon-ms</Extensions>
    </Filter>
    <Filter Include="RenderObject">
      <UniqueIdentifier>{17522fab-bc4b-43b3-b11a-bd4e91c2a4e8}</UniqueIdentifier>
    </Filter>
    <Filter Include="Graphics">
      <UniqueIdentifier>{34abb233-a329-4271-85ec-f552b6d342d5}</UniqueIdentifier>
    </Filter>
    <Filter Include="3rd">
      <UniqueIdentifier>{df816b23-337f-43c2-9e77-8e267de8ac5c}</UniqueIdentifier>
    </Filter>
    <Filter Include="Renderer">
      <UniqueIdentifier>{29c3ce69-70a1-435c-83b7-791cce0375de}</UniqueIdentifier>
    </Filter>
    <Filter Include="Core">
      <UniqueIdentifier>{389c63d2-ad1b-4a1f-9520-b50e314c42f7}</UniqueIdentifier>
    </Filter>
    <Filter Include="RenderObject\Light">
      <UniqueIdentifier>{a312bf90-3349-4e9d-a753-83eb65b54a3f}</UniqueIdentifier>
    </Filter>
    <Filter Include="Component">
      <UniqueIdentifier>{574e6751-408f-4fbb-bf1f-b566e978d906}</UniqueIdentifier>
    </Filter>
    <Filter Include="RenderObject\ParticleSystem">
      <UniqueIdentifier>{b31dda63-573b-4652-b9eb-230d6b333f8f}</UniqueIdentifier>
    </Filter>
    <Filter Include="Component\Light">
      <UniqueIdentifier>{3bfe6d93-33da-4f6d-9883-03eceffcd9da}</UniqueIdentifier>
    </Filter>
    <Filter Include="Component\ParticleSystem">
      <UniqueIdentifier>{f1857283-1a7c-437e-9a5f-70574118b549}</UniqueIdentifier>
    </Filter>
  </ItemGroup>
  <ItemGroup>
    <ClCompile Include="main.cpp">
      <Filter>源文件</Filter>
    </ClCompile>
    <ClCompile Include="stdafx.cpp">
      <Filter>源文件</Filter>
    </ClCompile>
    <ClCompile Include="BaseComponent.cpp">
      <Filter>Component</Filter>
    </ClCompile>
    <ClCompile Include="CameraComponent.cpp">
      <Filter>Component</Filter>
    </ClCompile>
    <ClCompile Include="FollowCameraComponent.cpp">
      <Filter>Component</Filter>
    </ClCompile>
    <ClCompile Include="FreeCameraComponent.cpp">
      <Filter>Component</Filter>
    </ClCompile>
    <ClCompile Include="Mesh.cpp">
      <Filter>RenderObject</Filter>
    </ClCompile>
    <ClCompile Include="ModelComponent.cpp">
      <Filter>Component</Filter>
    </ClCompile>
    <ClCompile Include="Model.cpp">
      <Filter>RenderObject</Filter>
    </ClCompile>
    <ClCompile Include="Quad.cpp">
      <Filter>RenderObject</Filter>
    </ClCompile>
    <ClCompile Include="SRTTransformComponent.cpp">
      <Filter>Component</Filter>
    </ClCompile>
    <ClCompile Include="Node.cpp">
      <Filter>Core</Filter>
    </ClCompile>
    <ClCompile Include="Scene.cpp">
      <Filter>Core</Filter>
    </ClCompile>
    <ClCompile Include="World.cpp">
      <Filter>Core</Filter>
    </ClCompile>
    <ClCompile Include="Shader.cpp">
      <Filter>Graphics</Filter>
    </ClCompile>
    <ClCompile Include="Texture.cpp">
      <Filter>Graphics</Filter>
    </ClCompile>
    <ClCompile Include="SRTTransform.cpp">
      <Filter>Graphics</Filter>
    </ClCompile>
    <ClCompile Include="stb_image.cpp">
      <Filter>3rd</Filter>
    </ClCompile>
    <ClCompile Include="glad.c">
      <Filter>3rd</Filter>
    </ClCompile>
    <ClCompile Include="Camera.cpp">
      <Filter>RenderObject</Filter>
    </ClCompile>
    <ClCompile Include="PickRenderer.cpp">
      <Filter>Renderer</Filter>
    </ClCompile>
    <ClCompile Include="PostEffectRenderer.cpp">
      <Filter>Renderer</Filter>
    </ClCompile>
    <ClCompile Include="DirLight.cpp">
      <Filter>RenderObject\Light</Filter>
    </ClCompile>
    <ClCompile Include="PointLight.cpp">
      <Filter>RenderObject\Light</Filter>
    </ClCompile>
    <ClCompile Include="SpotLight.cpp">
      <Filter>RenderObject\Light</Filter>
    </ClCompile>
    <ClCompile Include="BaseLight.cpp">
      <Filter>RenderObject\Light</Filter>
    </ClCompile>
    <ClCompile Include="ResourceManager.cpp">
      <Filter>Graphics</Filter>
    </ClCompile>
    <ClCompile Include="Application.cpp">
      <Filter>Core</Filter>
    </ClCompile>
    <ClCompile Include="GlfwApplication.cpp">
      <Filter>Core</Filter>
    </ClCompile>
    <ClCompile Include="SphereComponent.cpp">
      <Filter>Component</Filter>
    </ClCompile>
    <ClCompile Include="CustomPrimitive.cpp">
      <Filter>RenderObject</Filter>
    </ClCompile>
    <ClCompile Include="CubePrimitive.cpp">
      <Filter>RenderObject</Filter>
    </ClCompile>
    <ClCompile Include="CubeComponent.cpp">
      <Filter>Component</Filter>
    </ClCompile>
    <ClCompile Include="SpherePrimitive.cpp">
      <Filter>RenderObject</Filter>
    </ClCompile>
    <ClCompile Include="CubeMapTexture.cpp">
      <Filter>Graphics</Filter>
    </ClCompile>
    <ClCompile Include="Billboard.cpp">
      <Filter>RenderObject</Filter>
    </ClCompile>
    <ClCompile Include="BillboardComponent.cpp">
      <Filter>Component</Filter>
    </ClCompile>
    <ClCompile Include="ParticleSystem.cpp">
      <Filter>RenderObject\ParticleSystem</Filter>
    </ClCompile>
    <ClCompile Include="SnowParticleSystem.cpp">
      <Filter>RenderObject\ParticleSystem</Filter>
    </ClCompile>
    <ClCompile Include="DirLightComponent.cpp">
      <Filter>Component\Light</Filter>
    </ClCompile>
    <ClCompile Include="PointLightComponent.cpp">
      <Filter>Component\Light</Filter>
    </ClCompile>
    <ClCompile Include="SpotLightComponent.cpp">
      <Filter>Component\Light</Filter>
    </ClCompile>
    <ClCompile Include="BaseLightComponent.cpp">
      <Filter>Component\Light</Filter>
    </ClCompile>
    <ClCompile Include="ParticleSystemComponent.cpp">
      <Filter>Component\ParticleSystem</Filter>
    </ClCompile>
    <ClCompile Include="SnowParticleSystemComponent.cpp">
      <Filter>Component\ParticleSystem</Filter>
    </ClCompile>
    <ClCompile Include="BaseRenderer.cpp">
      <Filter>Renderer</Filter>
    </ClCompile>
    <ClCompile Include="MainRenderer.cpp">
      <Filter>Renderer</Filter>
    </ClCompile>
    <ClCompile Include="TextRenderer.cpp">
      <Filter>Renderer</Filter>
    </ClCompile>
  </ItemGroup>
  <ItemGroup>
    <ClInclude Include="stdafx.h">
      <Filter>头文件</Filter>
    </ClInclude>
    <ClInclude Include="typedefs.h">
      <Filter>头文件</Filter>
    </ClInclude>
    <ClInclude Include="Mesh.h">
      <Filter>RenderObject</Filter>
    </ClInclude>
    <ClInclude Include="Model.h">
      <Filter>RenderObject</Filter>
    </ClInclude>
    <ClInclude Include="BaseComponent.h">
      <Filter>Component</Filter>
    </ClInclude>
    <ClInclude Include="CameraComponent.h">
      <Filter>Component</Filter>
    </ClInclude>
    <ClInclude Include="FollowCameraComponent.h">
      <Filter>Component</Filter>
    </ClInclude>
    <ClInclude Include="FreeCameraComponent.h">
      <Filter>Component</Filter>
    </ClInclude>
    <ClInclude Include="ModelComponent.h">
      <Filter>Component</Filter>
    </ClInclude>
    <ClInclude Include="Quad.h">
      <Filter>RenderObject</Filter>
    </ClInclude>
    <ClInclude Include="SRTTransformComponent.h">
      <Filter>Component</Filter>
    </ClInclude>
    <ClInclude Include="Node.h">
      <Filter>Core</Filter>
    </ClInclude>
    <ClInclude Include="Scene.h">
      <Filter>Core</Filter>
    </ClInclude>
    <ClInclude Include="World.h">
      <Filter>Core</Filter>
    </ClInclude>
    <ClInclude Include="Shader.h">
      <Filter>Graphics</Filter>
    </ClInclude>
    <ClInclude Include="Texture.h">
      <Filter>Graphics</Filter>
    </ClInclude>
    <ClInclude Include="SRTTransform.h">
      <Filter>Graphics</Filter>
    </ClInclude>
    <ClInclude Include="stb_image.h">
      <Filter>3rd</Filter>
    </ClInclude>
    <ClInclude Include="Camera.h">
      <Filter>RenderObject</Filter>
    </ClInclude>
    <ClInclude Include="PickRenderer.h">
      <Filter>Renderer</Filter>
    </ClInclude>
    <ClInclude Include="PostEffectRenderer.h">
      <Filter>Renderer</Filter>
    </ClInclude>
    <ClInclude Include="DirLight.h">
      <Filter>RenderObject\Light</Filter>
    </ClInclude>
    <ClInclude Include="PointLight.h">
      <Filter>RenderObject\Light</Filter>
    </ClInclude>
    <ClInclude Include="SpotLight.h">
      <Filter>RenderObject\Light</Filter>
    </ClInclude>
    <ClInclude Include="BaseLight.h">
      <Filter>RenderObject\Light</Filter>
    </ClInclude>
    <ClInclude Include="ResourceManager.h">
      <Filter>Graphics</Filter>
    </ClInclude>
    <ClInclude Include="Application.h">
      <Filter>Core</Filter>
    </ClInclude>
    <ClInclude Include="GlfwApplication.h">
      <Filter>Core</Filter>
    </ClInclude>
    <ClInclude Include="SphereComponent.h">
      <Filter>Component</Filter>
    </ClInclude>
    <ClInclude Include="CustomPrimitive.h">
      <Filter>RenderObject</Filter>
    </ClInclude>
    <ClInclude Include="CubePrimitive.h">
      <Filter>RenderObject</Filter>
    </ClInclude>
    <ClInclude Include="CubeComponent.h">
      <Filter>Component</Filter>
    </ClInclude>
    <ClInclude Include="SpherePrimitive.h">
      <Filter>RenderObject</Filter>
    </ClInclude>
    <ClInclude Include="CubeMapTexture.h">
      <Filter>Graphics</Filter>
    </ClInclude>
    <ClInclude Include="Billboard.h">
      <Filter>RenderObject</Filter>
    </ClInclude>
    <ClInclude Include="BillboardComponent.h">
      <Filter>Component</Filter>
    </ClInclude>
    <ClInclude Include="ParticleSystem.h">
      <Filter>RenderObject\ParticleSystem</Filter>
    </ClInclude>
    <ClInclude Include="SnowParticleSystem.h">
      <Filter>RenderObject\ParticleSystem</Filter>
    </ClInclude>
    <ClInclude Include="DirLightComponent.h">
      <Filter>Component\Light</Filter>
    </ClInclude>
    <ClInclude Include="PointLightComponent.h">
      <Filter>Component\Light</Filter>
    </ClInclude>
    <ClInclude Include="SpotLightComponent.h">
      <Filter>Component\Light</Filter>
    </ClInclude>
    <ClInclude Include="BaseLightComponent.h">
      <Filter>Component\Light</Filter>
    </ClInclude>
    <ClInclude Include="ParticleSystemComponent.h">
      <Filter>Component\ParticleSystem</Filter>
    </ClInclude>
    <ClInclude Include="SnowParticleSystemComponent.h">
      <Filter>Component\ParticleSystem</Filter>
    </ClInclude>
    <ClInclude Include="BaseRenderer.h">
      <Filter>Renderer</Filter>
    </ClInclude>
    <ClInclude Include="TextRenderer.h">
      <Filter>Renderer</Filter>
    </ClInclude>
    <ClInclude Include="MainRenderer.h">
      <Filter>Renderer</Filter>
    </ClInclude>
  </ItemGroup>
</Project>